
Microsoft Visual Studio Solution File, Format Version 12.00
# Visual Studio Version 17
VisualStudioVersion = 17.5.33530.505
MinimumVisualStudioVersion = 10.0.40219.1
Project("{9A19103F-16F7-4668-BE54-9A1E7A4F7556}") = "ApiGateway", "ApiGateway\ApiGateway.csproj", "{579F6475-4E5E-4FA1-83B1-073798DC845E}"
EndProject
Global
	GlobalSection(SolutionConfigurationPlatforms) = preSolution
		Debug|Any CPU = Debug|Any CPU
		Release|Any CPU = Release|Any CPU
	EndGlobalSection
	GlobalSection(ProjectConfigurationPlatforms) = postSolution
		{579F6475-4E5E-4FA1-83B1-073798DC845E}.Debug|Any CPU.ActiveCfg = Debug|Any CPU
		{579F6475-4E5E-4FA1-83B1-073798DC845E}.Debug|Any CPU.Build.0 = Debug|Any CPU
		{579F6475-4E5E-4FA1-83B1-073798DC845E}.Release|Any CPU.ActiveCfg = Release|Any CPU
		{579F6475-4E5E-4FA1-83B1-073798DC845E}.Release|Any CPU.Build.0 = Release|Any CPU
	EndGlobalSection
	GlobalSection(SolutionProperties) = preSolution
		HideSolutionNode = FALSE
	EndGlobalSection
	GlobalSection(ExtensibilityGlobals) = postSolution
		SolutionGuid = {A2F2215A-514D-4272-9F13-AC3E40C24BF5}
	EndGlobalSection
EndGlobal
